<Project xmlns="http://schemas.microsoft.com/developer/msbuild/2003">
    <PropertyGroup>
        <Base>True</Base>
        <AppType>Application</AppType>
        <Config Condition="'$(Config)'==''">Debug</Config>
        <DCC_UnitSearchPath>..\..\Source\Highlighters;..\..\source</DCC_UnitSearchPath>
        <FrameworkType>VCL</FrameworkType>
        <MainSource>FoldingDemo.dpr</MainSource>
        <Platform Condition="'$(Platform)'==''">Win32</Platform>
        <ProjectGuid>{ED485BBE-6386-4E54-A2D2-83A1B6C182FD}</ProjectGuid>
        <ProjectName Condition="'$(ProjectName)'==''">FoldingDemo</ProjectName>
        <ProjectVersion>20.3</ProjectVersion>
        <TargetedPlatforms>3</TargetedPlatforms>
    </PropertyGroup>
    <PropertyGroup Condition="'$(Config)'=='Base' or '$(Base)'!=''">
        <Base>true</Base>
    </PropertyGroup>
    <PropertyGroup Condition="('$(Platform)'=='Win32' and '$(Base)'=='true') or '$(Base_Win32)'!=''">
        <Base_Win32>true</Base_Win32>
        <CfgParent>Base</CfgParent>
        <Base>true</Base>
    </PropertyGroup>
    <PropertyGroup Condition="('$(Platform)'=='Win64' and '$(Base)'=='true') or '$(Base_Win64)'!=''">
        <Base_Win64>true</Base_Win64>
        <CfgParent>Base</CfgParent>
        <Base>true</Base>
    </PropertyGroup>
    <PropertyGroup Condition="'$(Config)'=='Debug' or '$(Cfg_1)'!=''">
        <Cfg_1>true</Cfg_1>
        <CfgParent>Base</CfgParent>
        <Base>true</Base>
    </PropertyGroup>
    <PropertyGroup Condition="('$(Platform)'=='Win32' and '$(Cfg_1)'=='true') or '$(Cfg_1_Win32)'!=''">
        <Cfg_1_Win32>true</Cfg_1_Win32>
        <CfgParent>Cfg_1</CfgParent>
        <Cfg_1>true</Cfg_1>
        <Base>true</Base>
    </PropertyGroup>
    <PropertyGroup Condition="('$(Platform)'=='Win64' and '$(Cfg_1)'=='true') or '$(Cfg_1_Win64)'!=''">
        <Cfg_1_Win64>true</Cfg_1_Win64>
        <CfgParent>Cfg_1</CfgParent>
        <Cfg_1>true</Cfg_1>
        <Base>true</Base>
    </PropertyGroup>
    <PropertyGroup Condition="'$(Config)'=='Release' or '$(Cfg_2)'!=''">
        <Cfg_2>true</Cfg_2>
        <CfgParent>Base</CfgParent>
        <Base>true</Base>
    </PropertyGroup>
    <PropertyGroup Condition="('$(Platform)'=='Win32' and '$(Cfg_2)'=='true') or '$(Cfg_2_Win32)'!=''">
        <Cfg_2_Win32>true</Cfg_2_Win32>
        <CfgParent>Cfg_2</CfgParent>
        <Cfg_2>true</Cfg_2>
        <Base>true</Base>
    </PropertyGroup>
    <PropertyGroup Condition="('$(Platform)'=='Win64' and '$(Cfg_2)'=='true') or '$(Cfg_2_Win64)'!=''">
        <Cfg_2_Win64>true</Cfg_2_Win64>
        <CfgParent>Cfg_2</CfgParent>
        <Cfg_2>true</Cfg_2>
        <Base>true</Base>
    </PropertyGroup>
    <PropertyGroup Condition="'$(Base)'!=''">
        <SanitizedProjectName>FoldingDemo</SanitizedProjectName>
        <DCC_DcuOutput>..\dcu\$(Platform)\$(Config)\</DCC_DcuOutput>
        <DCC_ExeOutput>..\bin\$(Platform)\$(Config)\</DCC_ExeOutput>
        <DCC_Namespace>System;Xml;Data;Datasnap;Web;Soap;Vcl;Vcl.Imaging;Vcl.Touch;Vcl.Samples;Vcl.Shell;$(DCC_Namespace)</DCC_Namespace>
        <DCC_UnitSearchPath>..\..\Source;..\..\Source\Highlighters;$(DCC_UnitSearchPath)</DCC_UnitSearchPath>
        <DCC_UsePackage>RESTComponents;FireDACIBDriver;FireDACCommon;RESTBackendComponents;soapserver;CloudService;FireDACCommonDriver;inet;FireDAC;FireDACSqliteDriver;soaprtl;soapmidas;$(DCC_UsePackage)</DCC_UsePackage>
        <Icon_MainIcon>$(BDS)\bin\delphi_PROJECTICON.ico</Icon_MainIcon>
    </PropertyGroup>
    <PropertyGroup Condition="'$(Base_Win32)'!=''">
        <BT_BuildType>Debug</BT_BuildType>
        <DCC_Namespace>Winapi;System.Win;Data.Win;Datasnap.Win;Web.Win;Soap.Win;Xml.Win;Bde;$(DCC_Namespace)</DCC_Namespace>
        <DCC_UnitSearchPath>..\..\Source\Highlighters;..\..\source</DCC_UnitSearchPath>
        <DCC_UsePackage>DBXSqliteDriver;DBXInterBaseDriver;vclactnband;vclFireDAC;tethering;svnui;JvGlobus;FireDACADSDriver;JvPluginSystem;JvMM;vcltouch;vcldb;bindcompfmx;svn;JvJans;JvNet;inetdb;JvAppFrm;VirtualTreesDR;FmxTeeUI;fmx;fmxdae;EasyListviewD;VirtualShellToolsD;JvWizards;dbexpress;IndyCore;vclx;JvPageComps;dsnap;VCLRESTComponents;JclDeveloperTools;vclie;bindengine;DBXMySQLDriver;JvCmp;FireDACMySQLDriver;JvHMI;FireDACCommonODBC;bindcompdbx;IndyIPCommon;JvCustom;vcl;IndyIPServer;IndySystem;dsnapcon;FireDACMSAccDriver;fmxFireDAC;vclimg;TeeDB;Jcl;JvCore;FireDACPgDriver;FMXTee;DbxCommonDriver;JvDlgs;JvRuntimeDesign;Tee;xmlrtl;JvTimeFramework;fmxobj;vclwinx;rtl;DbxClientDriver;CustomIPTransport;vcldsnap;JvSystem;JvStdCtrls;SynEditDR;bindcomp;appanalytics;IndyIPClient;bindcompvcl;TeeUI;JvDocking;dbxcds;VclSmp;adortl;JclVcl;MPCommonLibD;dsnapxml;dbrtl;inetdbxpress;IndyProtocols;JvControls;JvPrintPreview;JclContainers;fmxase;$(DCC_UsePackage)</DCC_UsePackage>
        <Manifest_File>$(BDS)\bin\default_app.manifest</Manifest_File>
        <VerInfo_IncludeVerInfo>true</VerInfo_IncludeVerInfo>
        <VerInfo_Keys>CompanyName=;FileDescription=$(MSBuildProjectName);FileVersion=1.0.0.0;InternalName=;LegalCopyright=;LegalTrademarks=;OriginalFilename=;ProgramID=com.embarcadero.$(MSBuildProjectName);ProductName=$(MSBuildProjectName);ProductVersion=1.0.0.0;Comments=</VerInfo_Keys>
        <VerInfo_Locale>1033</VerInfo_Locale>
    </PropertyGroup>
    <PropertyGroup Condition="'$(Base_Win64)'!=''">
        <BT_BuildType>Debug</BT_BuildType>
        <DCC_Namespace>Winapi;System.Win;Data.Win;Datasnap.Win;Web.Win;Soap.Win;Xml.Win;$(DCC_Namespace)</DCC_Namespace>
        <Manifest_File>$(BDS)\bin\default_app.manifest</Manifest_File>
        <VerInfo_IncludeVerInfo>true</VerInfo_IncludeVerInfo>
        <VerInfo_Keys>CompanyName=;FileDescription=$(MSBuildProjectName);FileVersion=1.0.0.0;InternalName=;LegalCopyright=;LegalTrademarks=;OriginalFilename=;ProgramID=com.embarcadero.$(MSBuildProjectName);ProductName=$(MSBuildProjectName);ProductVersion=1.0.0.0;Comments=</VerInfo_Keys>
        <VerInfo_Locale>1033</VerInfo_Locale>
    </PropertyGroup>
    <PropertyGroup Condition="'$(Cfg_1)'!=''">
        <DCC_DebugDCUs>true</DCC_DebugDCUs>
        <DCC_DebugInfoInExe>true</DCC_DebugInfoInExe>
        <DCC_Define>DEBUG;$(DCC_Define)</DCC_Define>
        <DCC_GenerateStackFrames>true</DCC_GenerateStackFrames>
        <DCC_Optimize>false</DCC_Optimize>
        <DCC_RemoteDebug>true</DCC_RemoteDebug>
        <DCC_UnitSearchPath>..\..\Source\Highlighters;..\..\source</DCC_UnitSearchPath>
    </PropertyGroup>
    <PropertyGroup Condition="'$(Cfg_1_Win32)'!=''">
        <AppEnableRuntimeThemes>true</AppEnableRuntimeThemes>
        <DCC_RemoteDebug>false</DCC_RemoteDebug>
        <DCC_UnitSearchPath>..\..\Source\Highlighters;..\..\source</DCC_UnitSearchPath>
        <VerInfo_IncludeVerInfo>true</VerInfo_IncludeVerInfo>
        <VerInfo_Locale>1033</VerInfo_Locale>
    </PropertyGroup>
    <PropertyGroup Condition="'$(Cfg_1_Win64)'!=''">
        <AppDPIAwarenessMode>PerMonitorV2</AppDPIAwarenessMode>
    </PropertyGroup>
    <PropertyGroup Condition="'$(Cfg_2)'!=''">
        <DCC_DebugInformation>0</DCC_DebugInformation>
        <DCC_Define>RELEASE;$(DCC_Define)</DCC_Define>
        <DCC_LocalDebugSymbols>false</DCC_LocalDebugSymbols>
        <DCC_SymbolReferenceInfo>0</DCC_SymbolReferenceInfo>
        <DCC_UnitSearchPath>..\..\Source\Highlighters;..\..\source</DCC_UnitSearchPath>
    </PropertyGroup>
    <PropertyGroup Condition="'$(Cfg_2_Win32)'!=''">
        <AppDPIAwarenessMode>PerMonitor</AppDPIAwarenessMode>
        <AppEnableRuntimeThemes>true</AppEnableRuntimeThemes>
        <DCC_UnitSearchPath>..\..\Source\Highlighters;..\..\source</DCC_UnitSearchPath>
    </PropertyGroup>
    <PropertyGroup Condition="'$(Cfg_2_Win64)'!=''">
        <AppDPIAwarenessMode>PerMonitorV2</AppDPIAwarenessMode>
    </PropertyGroup>
    <ItemGroup>
        <DelphiCompile Include="$(MainSource)">
            <MainSource>MainSource</MainSource>
        </DelphiCompile>
        <DCCReference Include="uFoldingDemoForm.pas">
            <Form>FoldingDemoForm</Form>
            <FormType>dfm</FormType>
        </DCCReference>
        <DCCReference Include="uHighlighterProcs.pas"/>
        <BuildConfiguration Include="Base">
            <Key>Base</Key>
        </BuildConfiguration>
        <BuildConfiguration Include="Debug">
            <Key>Cfg_1</Key>
            <CfgParent>Base</CfgParent>
        </BuildConfiguration>
        <BuildConfiguration Include="Release">
            <Key>Cfg_2</Key>
            <CfgParent>Base</CfgParent>
        </BuildConfiguration>
    </ItemGroup>
    <ProjectExtensions>
        <Borland.Personality>Delphi.Personality.12</Borland.Personality>
        <Borland.ProjectType>Application</Borland.ProjectType>
        <BorlandProject>
            <Delphi.Personality>
                <Source>
                    <Source Name="MainSource">FoldingDemo.dpr</Source>
                </Source>
                <Excluded_Packages/>
            </Delphi.Personality>
            <Platforms>
                <Platform value="Win32">True</Platform>
                <Platform value="Win64">True</Platform>
            </Platforms>
        </BorlandProject>
        <ProjectFileVersion>12</ProjectFileVersion>
    </ProjectExtensions>
    <Import Project="$(BDS)\Bin\CodeGear.Delphi.Targets" Condition="Exists('$(BDS)\Bin\CodeGear.Delphi.Targets')"/>
    <Import Project="$(APPDATA)\Embarcadero\$(BDSAPPDATABASEDIR)\$(PRODUCTVERSION)\UserTools.proj" Condition="Exists('$(APPDATA)\Embarcadero\$(BDSAPPDATABASEDIR)\$(PRODUCTVERSION)\UserTools.proj')"/>
    <Import Project="$(MSBuildProjectName).deployproj" Condition="Exists('$(MSBuildProjectName).deployproj')"/>
</Project>
